
Microsoft Visual Studio Solution File, Format Version 12.00
Project("{FAE04EC0-301F-11D3-BF4B-00C04F79EFBC}") = "DisableDateTimeNow", "DisableDateTimeNow\DisableDateTimeNow.csproj", "{5BD3930C-3E7F-49E7-A39C-2FD7912543CD}"
EndProject
Project("{FAE04EC0-301F-11D3-BF4B-00C04F79EFBC}") = "DisableDateTimeNow.Console", "DisableDateTimeNow.Console\DisableDateTimeNow.Console.csproj", "{078F1D43-3006-4A12-8151-C5BD9A548D18}"
EndProject
Global
	GlobalSection(SolutionConfigurationPlatforms) = preSolution
		Debug|Any CPU = Debug|Any CPU
		Release|Any CPU = Release|Any CPU
	EndGlobalSection
	GlobalSection(ProjectConfigurationPlatforms) = postSolution
		{5BD3930C-3E7F-49E7-A39C-2FD7912543CD}.Release|Any CPU.ActiveCfg = Release|Any CPU
		{5BD3930C-3E7F-49E7-A39C-2FD7912543CD}.Release|Any CPU.Build.0 = Release|Any CPU
		{5BD3930C-3E7F-49E7-A39C-2FD7912543CD}.Debug|Any CPU.ActiveCfg = Release|Any CPU
		{5BD3930C-3E7F-49E7-A39C-2FD7912543CD}.Debug|Any CPU.Build.0 = Release|Any CPU
		{078F1D43-3006-4A12-8151-C5BD9A548D18}.Debug|Any CPU.ActiveCfg = Debug|Any CPU
		{078F1D43-3006-4A12-8151-C5BD9A548D18}.Debug|Any CPU.Build.0 = Debug|Any CPU
		{078F1D43-3006-4A12-8151-C5BD9A548D18}.Release|Any CPU.ActiveCfg = Release|Any CPU
		{078F1D43-3006-4A12-8151-C5BD9A548D18}.Release|Any CPU.Build.0 = Release|Any CPU
	EndGlobalSection
EndGlobal
